
Microsoft Visual Studio Solution File, Format Version 12.00
# Visual Studio Version 17
VisualStudioVersion = 17.1.32421.90
MinimumVisualStudioVersion = 10.0.40219.1
Project("{FAE04EC0-301F-11D3-BF4B-00C04F79EFBC}") = "CheesBoard", "CheesBoard\CheesBoard.csproj", "{526E8A53-E030-42C1-AE71-3834CA3E3242}"
EndProject
Global
	GlobalSection(SolutionConfigurationPlatforms) = preSolution
		Debug|Any CPU = Debug|Any CPU
		Release|Any CPU = Release|Any CPU
	EndGlobalSection
	GlobalSection(ProjectConfigurationPlatforms) = postSolution
		{526E8A53-E030-42C1-AE71-3834CA3E3242}.Debug|Any CPU.ActiveCfg = Debug|Any CPU
		{526E8A53-E030-42C1-AE71-3834CA3E3242}.Debug|Any CPU.Build.0 = Debug|Any CPU
		{526E8A53-E030-42C1-AE71-3834CA3E3242}.Release|Any CPU.ActiveCfg = Release|Any CPU
		{526E8A53-E030-42C1-AE71-3834CA3E3242}.Release|Any CPU.Build.0 = Release|Any CPU
	EndGlobalSection
	GlobalSection(SolutionProperties) = preSolution
		HideSolutionNode = FALSE
	EndGlobalSection
	GlobalSection(ExtensibilityGlobals) = postSolution
		SolutionGuid = {3E69F334-A128-46EA-B1A1-EB0F247F65A9}
	EndGlobalSection
EndGlobal
